{
  "name": "vyla-stream-api-cloudflare",
  "version": "1.0.0",
  "lockfileVersion": 3,
  "requires": true,
  "packages": {
    "": {
      "name": "vyla-stream-api-cloudflare",
      "version": "1.0.0",
      "license": "CC-BY-NC-4.0",
      "devDependencies": {
        "wrangler": "^4.148.0"
      }
    },
    "node_modules/wrangler": {
      "version": "4.148.0",
      "resolved": "https://registry.npmjs.org/wrangler/-/wrangler-4.148.0.tgz",
      "integrity": "sha512-wgbll8cA/7qOMJSoYQuJrw9M9lmedGzYtg6wvUK2p/7G1KaE88jFmQ/CvtQzVUF9C8PQtC4Y5p9vbpAsJGAlpA==",
      "license": "MIT OR Apache-2.0",
      "bin": {
        "wrangler": "bin/wrangler.js",
        "cf-wrangler": "bin/cf-wrangler.js"
      },
      "engines": {
        "node": ">=22.0.0"
      }
    }
  }
}
